<?xml version="1.0" encoding="utf-8"?>
<Project ToolsVersion="4.0" xmlns="http://schemas.microsoft.com/developer/msbuild/2003">
  <ItemGroup>
    <Filter Include="utils">
      <UniqueIdentifier>{57504d12-601c-4631-92c1-3cf061e4cc19}</UniqueIdentifier>
    </Filter>
    <Filter Include="input">
      <UniqueIdentifier>{28fc7c12-700e-456b-bbc9-e8e9b642c1b2}</UniqueIdentifier>
    </Filter>
    <Filter Include="math">
      <UniqueIdentifier>{9f39f5a5-3add-4165-9c69-4848dcba86d1}</UniqueIdentifier>
    </Filter>
    <Filter Include="kernel">
      <UniqueIdentifier>{f631a50e-85d6-4b81-9ec9-87c4799e9368}</UniqueIdentifier>
    </Filter>
    <Filter Include="console">
      <UniqueIdentifier>{17e7c3fe-b063-4033-b477-6ff5b2ad5ce9}</UniqueIdentifier>
    </Filter>
  </ItemGroup>
  <ItemGroup>
    <ClCompile Include="..\dingus\dingus\utils\StringHelper.cpp">
      <Filter>utils</Filter>
    </ClCompile>
    <ClCompile Include="..\dingus\dingus\input\InputEvent.cpp">
      <Filter>input</Filter>
    </ClCompile>
    <ClCompile Include="..\dingus\dingus\input\InputContext.cpp">
      <Filter>input</Filter>
    </ClCompile>
    <ClCompile Include="..\dingus\dingus\math\Vector3.cpp">
      <Filter>math</Filter>
    </ClCompile>
    <ClCompile Include="..\dingus\dingus\kernel\ProxyEffect.cpp">
      <Filter>kernel</Filter>
    </ClCompile>
    <ClCompile Include="..\dingus\dingus\utils\Errors.cpp">
      <Filter>utils</Filter>
    </ClCompile>
    <ClCompile Include="..\dingus\dingus\kernel\RenderStats.cpp">
      <Filter>kernel</Filter>
    </ClCompile>
    <ClCompile Include="..\dingus\dingus\console\Console.cpp">
      <Filter>console</Filter>
    </ClCompile>
    <ClCompile Include="..\dingus\dingus\console\FileConsoleRenderingContext.cpp">
      <Filter>console</Filter>
    </ClCompile>
    <ClCompile Include="..\dingus\dingus\console\WDebugConsoleRenderingContext.cpp">
      <Filter>console</Filter>
    </ClCompile>
    <ClCompile Include="..\dingus\dingus\console\W32StdConsoleRenderingContext.cpp">
      <Filter>console</Filter>
    </ClCompile>
    <ClCompile Include="..\dingus\dingus\kernel\D3DDeviceCaps.cpp">
      <Filter>kernel</Filter>
    </ClCompile>
    <ClCompile Include="..\dingus\dingus\kernel\D3DDevice.cpp">
      <Filter>kernel</Filter>
    </ClCompile>
    <ClCompile Include="..\dingus\dingus\kernel\EffectStateManager.cpp">
      <Filter>kernel</Filter>
    </ClCompile>
  </ItemGroup>
  <ItemGroup>
    <ClInclude Include="..\dingus\dingus\utils\StringHelper.hpp">
      <Filter>utils</Filter>
    </ClInclude>
    <ClInclude Include="..\dingus\dingus\GlobalSetting.hpp" />
    <ClInclude Include="..\dingus\dingus\input\InputListener.hpp">
      <Filter>input</Filter>
    </ClInclude>
    <ClInclude Include="..\dingus\dingus\utils\RefCounted.hpp">
      <Filter>utils</Filter>
    </ClInclude>
    <ClInclude Include="..\dingus\dingus\input\InputEvent.hpp">
      <Filter>input</Filter>
    </ClInclude>
    <ClInclude Include="..\dingus\dingus\utils\fastvector.hpp">
      <Filter>utils</Filter>
    </ClInclude>
    <ClInclude Include="..\dingus\dingus\utils\Notifier.hpp">
      <Filter>utils</Filter>
    </ClInclude>
    <ClInclude Include="..\dingus\dingus\input\InputDevice.hpp">
      <Filter>input</Filter>
    </ClInclude>
    <ClInclude Include="..\dingus\dingus\input\InputContext.hpp">
      <Filter>input</Filter>
    </ClInclude>
    <ClInclude Include="..\dingus\dingus\math\Constants.hpp">
      <Filter>math</Filter>
    </ClInclude>
    <ClInclude Include="..\dingus\dingus\math\Vector2.hpp">
      <Filter>math</Filter>
    </ClInclude>
    <ClInclude Include="..\dingus\dingus\math\FPU.hpp">
      <Filter>math</Filter>
    </ClInclude>
    <ClInclude Include="..\dingus\dingus\math\Vector3.hpp">
      <Filter>math</Filter>
    </ClInclude>
    <ClInclude Include="..\dingus\dingus\math\Vector4.hpp">
      <Filter>math</Filter>
    </ClInclude>
    <ClInclude Include="..\dingus\dingus\math\Line3.hpp">
      <Filter>math</Filter>
    </ClInclude>
    <ClInclude Include="..\dingus\dingus\math\Matrix4x4.hpp">
      <Filter>math</Filter>
    </ClInclude>
    <ClInclude Include="..\dingus\dingus\math\Plane.hpp">
      <Filter>math</Filter>
    </ClInclude>
    <ClInclude Include="..\dingus\dingus\math\Quaternion.hpp">
      <Filter>math</Filter>
    </ClInclude>
    <ClInclude Include="..\dingus\dingus\kernel\Proxies.hpp">
      <Filter>kernel</Filter>
    </ClInclude>
    <ClInclude Include="..\dingus\dingus\kernel\ProxyEffect.hpp">
      <Filter>kernel</Filter>
    </ClInclude>
    <ClInclude Include="..\dingus\dingus\utils\Errors.hpp">
      <Filter>utils</Filter>
    </ClInclude>
    <ClInclude Include="..\dingus\dingus\kernel\RenderStats.hpp">
      <Filter>kernel</Filter>
    </ClInclude>
    <ClInclude Include="..\dingus\dingus\utils\Singleton.hpp">
      <Filter>utils</Filter>
    </ClInclude>
    <ClInclude Include="..\dingus\dingus\console\Console.hpp">
      <Filter>console</Filter>
    </ClInclude>
    <ClInclude Include="..\dingus\dingus\console\FileConsoleRenderingContext.hpp">
      <Filter>console</Filter>
    </ClInclude>
    <ClInclude Include="..\dingus\dingus\console\WDebugConsoleRenderingContext.hpp">
      <Filter>console</Filter>
    </ClInclude>
    <ClInclude Include="..\dingus\dingus\console\W32StdConsoleRenderingContext.hpp">
      <Filter>console</Filter>
    </ClInclude>
    <ClInclude Include="..\dingus\dingus\kernel\D3DDeviceCaps.hpp">
      <Filter>kernel</Filter>
    </ClInclude>
    <ClInclude Include="..\dingus\dingus\kernel\D3DDevice.hpp">
      <Filter>kernel</Filter>
    </ClInclude>
    <ClInclude Include="..\dingus\dingus\kernel\EffectStateManager.hpp">
      <Filter>kernel</Filter>
    </ClInclude>
    <ClInclude Include="..\dingus\dingus\utils\AssertHelper.hpp">
      <Filter>utils</Filter>
    </ClInclude>
  </ItemGroup>
</Project>