<?xml version="1.0" encoding="utf-8"?>
<Project ToolsVersion="4.0" xmlns="http://schemas.microsoft.com/developer/msbuild/2003">
  <ItemGroup>
    <ClInclude Include="..\dingus\src\dingus_setting.hpp" />
    <ClInclude Include="..\dingus\src\utils\dingus_string_helper.hpp">
      <Filter>utils</Filter>
    </ClInclude>
  </ItemGroup>
  <ItemGroup>
    <Filter Include="utils">
      <UniqueIdentifier>{57504d12-601c-4631-92c1-3cf061e4cc19}</UniqueIdentifier>
    </Filter>
  </ItemGroup>
  <ItemGroup>
    <ClCompile Include="..\dingus\src\utils\dingus_string_helper.cpp">
      <Filter>utils</Filter>
    </ClCompile>
  </ItemGroup>
</Project>