<?xml version="1.0" encoding="utf-8"?>
<Project ToolsVersion="4.0" xmlns="http://schemas.microsoft.com/developer/msbuild/2003">
  <ItemGroup>
    <Filter Include="utils">
      <UniqueIdentifier>{57504d12-601c-4631-92c1-3cf061e4cc19}</UniqueIdentifier>
    </Filter>
    <Filter Include="input">
      <UniqueIdentifier>{28fc7c12-700e-456b-bbc9-e8e9b642c1b2}</UniqueIdentifier>
    </Filter>
  </ItemGroup>
  <ItemGroup>
    <ClCompile Include="..\dingus\dingus\utils\StringHelper.cpp">
      <Filter>utils</Filter>
    </ClCompile>
    <ClCompile Include="..\dingus\dingus\input\InputEvent.cpp">
      <Filter>input</Filter>
    </ClCompile>
    <ClCompile Include="..\dingus\dingus\input\InputContext.cpp">
      <Filter>input</Filter>
    </ClCompile>
  </ItemGroup>
  <ItemGroup>
    <ClInclude Include="..\dingus\dingus\utils\StringHelper.hpp">
      <Filter>utils</Filter>
    </ClInclude>
    <ClInclude Include="..\dingus\dingus\GlobalSetting.hpp" />
    <ClInclude Include="..\dingus\dingus\input\InputListener.hpp">
      <Filter>input</Filter>
    </ClInclude>
    <ClInclude Include="..\dingus\dingus\utils\RefCounted.hpp">
      <Filter>utils</Filter>
    </ClInclude>
    <ClInclude Include="..\dingus\dingus\input\InputEvent.hpp">
      <Filter>input</Filter>
    </ClInclude>
    <ClInclude Include="..\dingus\dingus\utils\fastvector.hpp">
      <Filter>utils</Filter>
    </ClInclude>
    <ClInclude Include="..\dingus\dingus\utils\Notifier.hpp">
      <Filter>utils</Filter>
    </ClInclude>
    <ClInclude Include="..\dingus\dingus\input\InputDevice.hpp">
      <Filter>input</Filter>
    </ClInclude>
    <ClInclude Include="..\dingus\dingus\input\InputContext.hpp">
      <Filter>input</Filter>
    </ClInclude>
  </ItemGroup>
</Project>